
Microsoft Visual Studio Solution File, Format Version 12.00
# Visual Studio Version 17
VisualStudioVersion = 17.11.35222.181
MinimumVisualStudioVersion = 10.0.40219.1
Project("{FAE04EC0-301F-11D3-BF4B-00C04F79EFBC}") = "MyPortfolioProjectNight", "MyPortfolioProjectNight\MyPortfolioProjectNight.csproj", "{76269187-F611-45E0-85D4-1441303D1FDF}"
EndProject
Global
	GlobalSection(SolutionConfigurationPlatforms) = preSolution
		Debug|Any CPU = Debug|Any CPU
		Release|Any CPU = Release|Any CPU
	EndGlobalSection
	GlobalSection(ProjectConfigurationPlatforms) = postSolution
		{76269187-F611-45E0-85D4-1441303D1FDF}.Debug|Any CPU.ActiveCfg = Debug|Any CPU
		{76269187-F611-45E0-85D4-1441303D1FDF}.Debug|Any CPU.Build.0 = Debug|Any CPU
		{76269187-F611-45E0-85D4-1441303D1FDF}.Release|Any CPU.ActiveCfg = Release|Any CPU
		{76269187-F611-45E0-85D4-1441303D1FDF}.Release|Any CPU.Build.0 = Release|Any CPU
	EndGlobalSection
	GlobalSection(SolutionProperties) = preSolution
		HideSolutionNode = FALSE
	EndGlobalSection
	GlobalSection(ExtensibilityGlobals) = postSolution
		SolutionGuid = {64F768BE-1BB8-458A-92E4-85C7E62B6CAB}
	EndGlobalSection
EndGlobal
